
Microsoft Visual Studio Solution File, Format Version 12.00
# Visual Studio Version 16
VisualStudioVersion = 25.0.1703.4
MinimumVisualStudioVersion = 10.0.40219.1
Project("{FAE04EC0-301F-11D3-BF4B-00C04F79EFBC}") = "TechJobsOOAutograded", "TechJobsOOAutograded.csproj", "{2204A7DB-3486-4270-9621-BCE0D6D351BA}"
EndProject
Global
	GlobalSection(SolutionConfigurationPlatforms) = preSolution
		Debug|Any CPU = Debug|Any CPU
		Release|Any CPU = Release|Any CPU
	EndGlobalSection
	GlobalSection(ProjectConfigurationPlatforms) = postSolution
		{2204A7DB-3486-4270-9621-BCE0D6D351BA}.Debug|Any CPU.ActiveCfg = Debug|Any CPU
		{2204A7DB-3486-4270-9621-BCE0D6D351BA}.Debug|Any CPU.Build.0 = Debug|Any CPU
		{2204A7DB-3486-4270-9621-BCE0D6D351BA}.Release|Any CPU.ActiveCfg = Release|Any CPU
		{2204A7DB-3486-4270-9621-BCE0D6D351BA}.Release|Any CPU.Build.0 = Release|Any CPU
	EndGlobalSection
	GlobalSection(SolutionProperties) = preSolution
		HideSolutionNode = FALSE
	EndGlobalSection
	GlobalSection(ExtensibilityGlobals) = postSolution
		SolutionGuid = {42C0A403-FCEE-4996-AF29-C3E9572364F8}
	EndGlobalSection
EndGlobal
